
Microsoft Visual Studio Solution File, Format Version 12.00
# Visual Studio Version 16
VisualStudioVersion = 16.0.29519.181
MinimumVisualStudioVersion = 10.0.40219.1
Project("{9A19103F-16F7-4668-BE54-9A1E7A4F7556}") = "Soccer.Commond", "Soccer.Commond\Soccer.Commond.csproj", "{F44208C6-ADF6-4727-BEEA-0839FC354367}"
EndProject
Project("{9A19103F-16F7-4668-BE54-9A1E7A4F7556}") = "Soccer.Web", "Soccer.Web\Soccer.Web.csproj", "{D6749F4B-D905-4895-8FC7-8705F5F573ED}"
EndProject
Project("{FAE04EC0-301F-11D3-BF4B-00C04F79EFBC}") = "Soccer.Prism", "Soccer.Prism\Soccer.Prism\Soccer.Prism.csproj", "{C1A3C705-430D-4A23-AD5F-968390D46BBE}"
EndProject
Project("{FAE04EC0-301F-11D3-BF4B-00C04F79EFBC}") = "Soccer.Prism.Android", "Soccer.Prism\Soccer.Prism.Android\Soccer.Prism.Android.csproj", "{E4256F4F-23C5-4618-91A2-524018D2216A}"
EndProject
Project("{FAE04EC0-301F-11D3-BF4B-00C04F79EFBC}") = "Soccer.Prism.iOS", "Soccer.Prism\Soccer.Prism.iOS\Soccer.Prism.iOS.csproj", "{57806C69-4CF5-45C5-A6DE-AE0B8C346D71}"
EndProject
Project("{FAE04EC0-301F-11D3-BF4B-00C04F79EFBC}") = "Soccer.Cross.Android", "Soccer.Cross.Android\Soccer.Cross.Android.csproj", "{A07D456D-E70F-4CD6-BAD1-B69C44D2D728}"
EndProject
Global
	GlobalSection(SolutionConfigurationPlatforms) = preSolution
		Ad-Hoc|Any CPU = Ad-Hoc|Any CPU
		Ad-Hoc|iPhone = Ad-Hoc|iPhone
		Ad-Hoc|iPhoneSimulator = Ad-Hoc|iPhoneSimulator
		AppStore|Any CPU = AppStore|Any CPU
		AppStore|iPhone = AppStore|iPhone
		AppStore|iPhoneSimulator = AppStore|iPhoneSimulator
		Debug|Any CPU = Debug|Any CPU
		Debug|iPhone = Debug|iPhone
		Debug|iPhoneSimulator = Debug|iPhoneSimulator
		Release|Any CPU = Release|Any CPU
		Release|iPhone = Release|iPhone
		Release|iPhoneSimulator = Release|iPhoneSimulator
	EndGlobalSection
	GlobalSection(ProjectConfigurationPlatforms) = postSolution
		{F44208C6-ADF6-4727-BEEA-0839FC354367}.Ad-Hoc|Any CPU.ActiveCfg = Release|Any CPU
		{F44208C6-ADF6-4727-BEEA-0839FC354367}.Ad-Hoc|Any CPU.Build.0 = Release|Any CPU
		{F44208C6-ADF6-4727-BEEA-0839FC354367}.Ad-Hoc|iPhone.ActiveCfg = Release|Any CPU
		{F44208C6-ADF6-4727-BEEA-0839FC354367}.Ad-Hoc|iPhone.Build.0 = Release|Any CPU
		{F44208C6-ADF6-4727-BEEA-0839FC354367}.Ad-Hoc|iPhoneSimulator.ActiveCfg = Release|Any CPU
		{F44208C6-ADF6-4727-BEEA-0839FC354367}.Ad-Hoc|iPhoneSimulator.Build.0 = Release|Any CPU
		{F44208C6-ADF6-4727-BEEA-0839FC354367}.AppStore|Any CPU.ActiveCfg = Release|Any CPU
		{F44208C6-ADF6-4727-BEEA-0839FC354367}.AppStore|Any CPU.Build.0 = Release|Any CPU
		{F44208C6-ADF6-4727-BEEA-0839FC354367}.AppStore|iPhone.ActiveCfg = Release|Any CPU
		{F44208C6-ADF6-4727-BEEA-0839FC354367}.AppStore|iPhone.Build.0 = Release|Any CPU
		{F44208C6-ADF6-4727-BEEA-0839FC354367}.AppStore|iPhoneSimulator.ActiveCfg = Release|Any CPU
		{F44208C6-ADF6-4727-BEEA-0839FC354367}.AppStore|iPhoneSimulator.Build.0 = Release|Any CPU
		{F44208C6-ADF6-4727-BEEA-0839FC354367}.Debug|Any CPU.ActiveCfg = Debug|Any CPU
		{F44208C6-ADF6-4727-BEEA-0839FC354367}.Debug|Any CPU.Build.0 = Debug|Any CPU
		{F44208C6-ADF6-4727-BEEA-0839FC354367}.Debug|iPhone.ActiveCfg = Debug|Any CPU
		{F44208C6-ADF6-4727-BEEA-0839FC354367}.Debug|iPhone.Build.0 = Debug|Any CPU
		{F44208C6-ADF6-4727-BEEA-0839FC354367}.Debug|iPhoneSimulator.ActiveCfg = Debug|Any CPU
		{F44208C6-ADF6-4727-BEEA-0839FC354367}.Debug|iPhoneSimulator.Build.0 = Debug|Any CPU
		{F44208C6-ADF6-4727-BEEA-0839FC354367}.Release|Any CPU.ActiveCfg = Release|Any CPU
		{F44208C6-ADF6-4727-BEEA-0839FC354367}.Release|Any CPU.Build.0 = Release|Any CPU
		{F44208C6-ADF6-4727-BEEA-0839FC354367}.Release|iPhone.ActiveCfg = Release|Any CPU
		{F44208C6-ADF6-4727-BEEA-0839FC354367}.Release|iPhone.Build.0 = Release|Any CPU
		{F44208C6-ADF6-4727-BEEA-0839FC354367}.Release|iPhoneSimulator.ActiveCfg = Release|Any CPU
		{F44208C6-ADF6-4727-BEEA-0839FC354367}.Release|iPhoneSimulator.Build.0 = Release|Any CPU
		{D6749F4B-D905-4895-8FC7-8705F5F573ED}.Ad-Hoc|Any CPU.ActiveCfg = Release|Any CPU
		{D6749F4B-D905-4895-8FC7-8705F5F573ED}.Ad-Hoc|Any CPU.Build.0 = Release|Any CPU
		{D6749F4B-D905-4895-8FC7-8705F5F573ED}.Ad-Hoc|iPhone.ActiveCfg = Release|Any CPU
		{D6749F4B-D905-4895-8FC7-8705F5F573ED}.Ad-Hoc|iPhone.Build.0 = Release|Any CPU
		{D6749F4B-D905-4895-8FC7-8705F5F573ED}.Ad-Hoc|iPhoneSimulator.ActiveCfg = Release|Any CPU
		{D6749F4B-D905-4895-8FC7-8705F5F573ED}.Ad-Hoc|iPhoneSimulator.Build.0 = Release|Any CPU
		{D6749F4B-D905-4895-8FC7-8705F5F573ED}.AppStore|Any CPU.ActiveCfg = Release|Any CPU
		{D6749F4B-D905-4895-8FC7-8705F5F573ED}.AppStore|Any CPU.Build.0 = Release|Any CPU
		{D6749F4B-D905-4895-8FC7-8705F5F573ED}.AppStore|iPhone.ActiveCfg = Release|Any CPU
		{D6749F4B-D905-4895-8FC7-8705F5F573ED}.AppStore|iPhone.Build.0 = Release|Any CPU
		{D6749F4B-D905-4895-8FC7-8705F5F573ED}.AppStore|iPhoneSimulator.ActiveCfg = Release|Any CPU
		{D6749F4B-D905-4895-8FC7-8705F5F573ED}.AppStore|iPhoneSimulator.Build.0 = Release|Any CPU
		{D6749F4B-D905-4895-8FC7-8705F5F573ED}.Debug|Any CPU.ActiveCfg = Debug|Any CPU
		{D6749F4B-D905-4895-8FC7-8705F5F573ED}.Debug|Any CPU.Build.0 = Debug|Any CPU
		{D6749F4B-D905-4895-8FC7-8705F5F573ED}.Debug|iPhone.ActiveCfg = Debug|Any CPU
		{D6749F4B-D905-4895-8FC7-8705F5F573ED}.Debug|iPhone.Build.0 = Debug|Any CPU
		{D6749F4B-D905-4895-8FC7-8705F5F573ED}.Debug|iPhoneSimulator.ActiveCfg = Debug|Any CPU
		{D6749F4B-D905-4895-8FC7-8705F5F573ED}.Debug|iPhoneSimulator.Build.0 = Debug|Any CPU
		{D6749F4B-D905-4895-8FC7-8705F5F573ED}.Release|Any CPU.ActiveCfg = Release|Any CPU
		{D6749F4B-D905-4895-8FC7-8705F5F573ED}.Release|Any CPU.Build.0 = Release|Any CPU
		{D6749F4B-D905-4895-8FC7-8705F5F573ED}.Release|iPhone.ActiveCfg = Release|Any CPU
		{D6749F4B-D905-4895-8FC7-8705F5F573ED}.Release|iPhone.Build.0 = Release|Any CPU
		{D6749F4B-D905-4895-8FC7-8705F5F573ED}.Release|iPhoneSimulator.ActiveCfg = Release|Any CPU
		{D6749F4B-D905-4895-8FC7-8705F5F573ED}.Release|iPhoneSimulator.Build.0 = Release|Any CPU
		{C1A3C705-430D-4A23-AD5F-968390D46BBE}.Ad-Hoc|Any CPU.ActiveCfg = Debug|Any CPU
		{C1A3C705-430D-4A23-AD5F-968390D46BBE}.Ad-Hoc|Any CPU.Build.0 = Debug|Any CPU
		{C1A3C705-430D-4A23-AD5F-968390D46BBE}.Ad-Hoc|iPhone.ActiveCfg = Debug|Any CPU
		{C1A3C705-430D-4A23-AD5F-968390D46BBE}.Ad-Hoc|iPhone.Build.0 = Debug|Any CPU
		{C1A3C705-430D-4A23-AD5F-968390D46BBE}.Ad-Hoc|iPhoneSimulator.ActiveCfg = Debug|Any CPU
		{C1A3C705-430D-4A23-AD5F-968390D46BBE}.Ad-Hoc|iPhoneSimulator.Build.0 = Debug|Any CPU
		{C1A3C705-430D-4A23-AD5F-968390D46BBE}.AppStore|Any CPU.ActiveCfg = Debug|Any CPU
		{C1A3C705-430D-4A23-AD5F-968390D46BBE}.AppStore|Any CPU.Build.0 = Debug|Any CPU
		{C1A3C705-430D-4A23-AD5F-968390D46BBE}.AppStore|iPhone.ActiveCfg = Debug|Any CPU
		{C1A3C705-430D-4A23-AD5F-968390D46BBE}.AppStore|iPhone.Build.0 = Debug|Any CPU
		{C1A3C705-430D-4A23-AD5F-968390D46BBE}.AppStore|iPhoneSimulator.ActiveCfg = Debug|Any CPU
		{C1A3C705-430D-4A23-AD5F-968390D46BBE}.AppStore|iPhoneSimulator.Build.0 = Debug|Any CPU
		{C1A3C705-430D-4A23-AD5F-968390D46BBE}.Debug|Any CPU.ActiveCfg = Debug|Any CPU
		{C1A3C705-430D-4A23-AD5F-968390D46BBE}.Debug|Any CPU.Build.0 = Debug|Any CPU
		{C1A3C705-430D-4A23-AD5F-968390D46BBE}.Debug|iPhone.ActiveCfg = Debug|Any CPU
		{C1A3C705-430D-4A23-AD5F-968390D46BBE}.Debug|iPhone.Build.0 = Debug|Any CPU
		{C1A3C705-430D-4A23-AD5F-968390D46BBE}.Debug|iPhoneSimulator.ActiveCfg = Debug|Any CPU
		{C1A3C705-430D-4A23-AD5F-968390D46BBE}.Debug|iPhoneSimulator.Build.0 = Debug|Any CPU
		{C1A3C705-430D-4A23-AD5F-968390D46BBE}.Release|Any CPU.ActiveCfg = Release|Any CPU
		{C1A3C705-430D-4A23-AD5F-968390D46BBE}.Release|Any CPU.Build.0 = Release|Any CPU
		{C1A3C705-430D-4A23-AD5F-968390D46BBE}.Release|iPhone.ActiveCfg = Release|Any CPU
		{C1A3C705-430D-4A23-AD5F-968390D46BBE}.Release|iPhone.Build.0 = Release|Any CPU
		{C1A3C705-430D-4A23-AD5F-968390D46BBE}.Release|iPhoneSimulator.ActiveCfg = Release|Any CPU
		{C1A3C705-430D-4A23-AD5F-968390D46BBE}.Release|iPhoneSimulator.Build.0 = Release|Any CPU
		{E4256F4F-23C5-4618-91A2-524018D2216A}.Ad-Hoc|Any CPU.ActiveCfg = Debug|Any CPU
		{E4256F4F-23C5-4618-91A2-524018D2216A}.Ad-Hoc|Any CPU.Build.0 = Debug|Any CPU
		{E4256F4F-23C5-4618-91A2-524018D2216A}.Ad-Hoc|Any CPU.Deploy.0 = Debug|Any CPU
		{E4256F4F-23C5-4618-91A2-524018D2216A}.Ad-Hoc|iPhone.ActiveCfg = Debug|Any CPU
		{E4256F4F-23C5-4618-91A2-524018D2216A}.Ad-Hoc|iPhone.Build.0 = Debug|Any CPU
		{E4256F4F-23C5-4618-91A2-524018D2216A}.Ad-Hoc|iPhone.Deploy.0 = Debug|Any CPU
		{E4256F4F-23C5-4618-91A2-524018D2216A}.Ad-Hoc|iPhoneSimulator.ActiveCfg = Debug|Any CPU
		{E4256F4F-23C5-4618-91A2-524018D2216A}.Ad-Hoc|iPhoneSimulator.Build.0 = Debug|Any CPU
		{E4256F4F-23C5-4618-91A2-524018D2216A}.Ad-Hoc|iPhoneSimulator.Deploy.0 = Debug|Any CPU
		{E4256F4F-23C5-4618-91A2-524018D2216A}.AppStore|Any CPU.ActiveCfg = Debug|Any CPU
		{E4256F4F-23C5-4618-91A2-524018D2216A}.AppStore|Any CPU.Build.0 = Debug|Any CPU
		{E4256F4F-23C5-4618-91A2-524018D2216A}.AppStore|Any CPU.Deploy.0 = Debug|Any CPU
		{E4256F4F-23C5-4618-91A2-524018D2216A}.AppStore|iPhone.ActiveCfg = Debug|Any CPU
		{E4256F4F-23C5-4618-91A2-524018D2216A}.AppStore|iPhone.Build.0 = Debug|Any CPU
		{E4256F4F-23C5-4618-91A2-524018D2216A}.AppStore|iPhone.Deploy.0 = Debug|Any CPU
		{E4256F4F-23C5-4618-91A2-524018D2216A}.AppStore|iPhoneSimulator.ActiveCfg = Debug|Any CPU
		{E4256F4F-23C5-4618-91A2-524018D2216A}.AppStore|iPhoneSimulator.Build.0 = Debug|Any CPU
		{E4256F4F-23C5-4618-91A2-524018D2216A}.AppStore|iPhoneSimulator.Deploy.0 = Debug|Any CPU
		{E4256F4F-23C5-4618-91A2-524018D2216A}.Debug|Any CPU.ActiveCfg = Debug|Any CPU
		{E4256F4F-23C5-4618-91A2-524018D2216A}.Debug|Any CPU.Build.0 = Debug|Any CPU
		{E4256F4F-23C5-4618-91A2-524018D2216A}.Debug|Any CPU.Deploy.0 = Debug|Any CPU
		{E4256F4F-23C5-4618-91A2-524018D2216A}.Debug|iPhone.ActiveCfg = Debug|Any CPU
		{E4256F4F-23C5-4618-91A2-524018D2216A}.Debug|iPhone.Build.0 = Debug|Any CPU
		{E4256F4F-23C5-4618-91A2-524018D2216A}.Debug|iPhone.Deploy.0 = Debug|Any CPU
		{E4256F4F-23C5-4618-91A2-524018D2216A}.Debug|iPhoneSimulator.ActiveCfg = Debug|Any CPU
		{E4256F4F-23C5-4618-91A2-524018D2216A}.Debug|iPhoneSimulator.Build.0 = Debug|Any CPU
		{E4256F4F-23C5-4618-91A2-524018D2216A}.Debug|iPhoneSimulator.Deploy.0 = Debug|Any CPU
		{E4256F4F-23C5-4618-91A2-524018D2216A}.Release|Any CPU.ActiveCfg = Release|Any CPU
		{E4256F4F-23C5-4618-91A2-524018D2216A}.Release|Any CPU.Build.0 = Release|Any CPU
		{E4256F4F-23C5-4618-91A2-524018D2216A}.Release|Any CPU.Deploy.0 = Release|Any CPU
		{E4256F4F-23C5-4618-91A2-524018D2216A}.Release|iPhone.ActiveCfg = Release|Any CPU
		{E4256F4F-23C5-4618-91A2-524018D2216A}.Release|iPhone.Build.0 = Release|Any CPU
		{E4256F4F-23C5-4618-91A2-524018D2216A}.Release|iPhone.Deploy.0 = Release|Any CPU
		{E4256F4F-23C5-4618-91A2-524018D2216A}.Release|iPhoneSimulator.ActiveCfg = Release|Any CPU
		{E4256F4F-23C5-4618-91A2-524018D2216A}.Release|iPhoneSimulator.Build.0 = Release|Any CPU
		{E4256F4F-23C5-4618-91A2-524018D2216A}.Release|iPhoneSimulator.Deploy.0 = Release|Any CPU
		{57806C69-4CF5-45C5-A6DE-AE0B8C346D71}.Ad-Hoc|Any CPU.ActiveCfg = Ad-Hoc|iPhoneSimulator
		{57806C69-4CF5-45C5-A6DE-AE0B8C346D71}.Ad-Hoc|iPhone.ActiveCfg = Ad-Hoc|iPhone
		{57806C69-4CF5-45C5-A6DE-AE0B8C346D71}.Ad-Hoc|iPhone.Build.0 = Ad-Hoc|iPhone
		{57806C69-4CF5-45C5-A6DE-AE0B8C346D71}.Ad-Hoc|iPhoneSimulator.ActiveCfg = Ad-Hoc|iPhoneSimulator
		{57806C69-4CF5-45C5-A6DE-AE0B8C346D71}.Ad-Hoc|iPhoneSimulator.Build.0 = Ad-Hoc|iPhoneSimulator
		{57806C69-4CF5-45C5-A6DE-AE0B8C346D71}.AppStore|Any CPU.ActiveCfg = AppStore|iPhoneSimulator
		{57806C69-4CF5-45C5-A6DE-AE0B8C346D71}.AppStore|iPhone.ActiveCfg = AppStore|iPhone
		{57806C69-4CF5-45C5-A6DE-AE0B8C346D71}.AppStore|iPhone.Build.0 = AppStore|iPhone
		{57806C69-4CF5-45C5-A6DE-AE0B8C346D71}.AppStore|iPhoneSimulator.ActiveCfg = AppStore|iPhoneSimulator
		{57806C69-4CF5-45C5-A6DE-AE0B8C346D71}.AppStore|iPhoneSimulator.Build.0 = AppStore|iPhoneSimulator
		{57806C69-4CF5-45C5-A6DE-AE0B8C346D71}.Debug|Any CPU.ActiveCfg = Debug|iPhoneSimulator
		{57806C69-4CF5-45C5-A6DE-AE0B8C346D71}.Debug|iPhone.ActiveCfg = Debug|iPhone
		{57806C69-4CF5-45C5-A6DE-AE0B8C346D71}.Debug|iPhone.Build.0 = Debug|iPhone
		{57806C69-4CF5-45C5-A6DE-AE0B8C346D71}.Debug|iPhoneSimulator.ActiveCfg = Debug|iPhoneSimulator
		{57806C69-4CF5-45C5-A6DE-AE0B8C346D71}.Debug|iPhoneSimulator.Build.0 = Debug|iPhoneSimulator
		{57806C69-4CF5-45C5-A6DE-AE0B8C346D71}.Release|Any CPU.ActiveCfg = Release|iPhoneSimulator
		{57806C69-4CF5-45C5-A6DE-AE0B8C346D71}.Release|iPhone.ActiveCfg = Release|iPhone
		{57806C69-4CF5-45C5-A6DE-AE0B8C346D71}.Release|iPhone.Build.0 = Release|iPhone
		{57806C69-4CF5-45C5-A6DE-AE0B8C346D71}.Release|iPhoneSimulator.ActiveCfg = Release|iPhoneSimulator
		{57806C69-4CF5-45C5-A6DE-AE0B8C346D71}.Release|iPhoneSimulator.Build.0 = Release|iPhoneSimulator
		{A07D456D-E70F-4CD6-BAD1-B69C44D2D728}.Ad-Hoc|Any CPU.ActiveCfg = Debug|Any CPU
		{A07D456D-E70F-4CD6-BAD1-B69C44D2D728}.Ad-Hoc|Any CPU.Build.0 = Debug|Any CPU
		{A07D456D-E70F-4CD6-BAD1-B69C44D2D728}.Ad-Hoc|Any CPU.Deploy.0 = Debug|Any CPU
		{A07D456D-E70F-4CD6-BAD1-B69C44D2D728}.Ad-Hoc|iPhone.ActiveCfg = Debug|Any CPU
		{A07D456D-E70F-4CD6-BAD1-B69C44D2D728}.Ad-Hoc|iPhone.Build.0 = Debug|Any CPU
		{A07D456D-E70F-4CD6-BAD1-B69C44D2D728}.Ad-Hoc|iPhone.Deploy.0 = Debug|Any CPU
		{A07D456D-E70F-4CD6-BAD1-B69C44D2D728}.Ad-Hoc|iPhoneSimulator.ActiveCfg = Debug|Any CPU
		{A07D456D-E70F-4CD6-BAD1-B69C44D2D728}.Ad-Hoc|iPhoneSimulator.Build.0 = Debug|Any CPU
		{A07D456D-E70F-4CD6-BAD1-B69C44D2D728}.Ad-Hoc|iPhoneSimulator.Deploy.0 = Debug|Any CPU
		{A07D456D-E70F-4CD6-BAD1-B69C44D2D728}.AppStore|Any CPU.ActiveCfg = Debug|Any CPU
		{A07D456D-E70F-4CD6-BAD1-B69C44D2D728}.AppStore|Any CPU.Build.0 = Debug|Any CPU
		{A07D456D-E70F-4CD6-BAD1-B69C44D2D728}.AppStore|Any CPU.Deploy.0 = Debug|Any CPU
		{A07D456D-E70F-4CD6-BAD1-B69C44D2D728}.AppStore|iPhone.ActiveCfg = Debug|Any CPU
		{A07D456D-E70F-4CD6-BAD1-B69C44D2D728}.AppStore|iPhone.Build.0 = Debug|Any CPU
		{A07D456D-E70F-4CD6-BAD1-B69C44D2D728}.AppStore|iPhone.Deploy.0 = Debug|Any CPU
		{A07D456D-E70F-4CD6-BAD1-B69C44D2D728}.AppStore|iPhoneSimulator.ActiveCfg = Debug|Any CPU
		{A07D456D-E70F-4CD6-BAD1-B69C44D2D728}.AppStore|iPhoneSimulator.Build.0 = Debug|Any CPU
		{A07D456D-E70F-4CD6-BAD1-B69C44D2D728}.AppStore|iPhoneSimulator.Deploy.0 = Debug|Any CPU
		{A07D456D-E70F-4CD6-BAD1-B69C44D2D728}.Debug|Any CPU.ActiveCfg = Debug|Any CPU
		{A07D456D-E70F-4CD6-BAD1-B69C44D2D728}.Debug|Any CPU.Build.0 = Debug|Any CPU
		{A07D456D-E70F-4CD6-BAD1-B69C44D2D728}.Debug|Any CPU.Deploy.0 = Debug|Any CPU
		{A07D456D-E70F-4CD6-BAD1-B69C44D2D728}.Debug|iPhone.ActiveCfg = Debug|Any CPU
		{A07D456D-E70F-4CD6-BAD1-B69C44D2D728}.Debug|iPhone.Build.0 = Debug|Any CPU
		{A07D456D-E70F-4CD6-BAD1-B69C44D2D728}.Debug|iPhone.Deploy.0 = Debug|Any CPU
		{A07D456D-E70F-4CD6-BAD1-B69C44D2D728}.Debug|iPhoneSimulator.ActiveCfg = Debug|Any CPU
		{A07D456D-E70F-4CD6-BAD1-B69C44D2D728}.Debug|iPhoneSimulator.Build.0 = Debug|Any CPU
		{A07D456D-E70F-4CD6-BAD1-B69C44D2D728}.Debug|iPhoneSimulator.Deploy.0 = Debug|Any CPU
		{A07D456D-E70F-4CD6-BAD1-B69C44D2D728}.Release|Any CPU.ActiveCfg = Release|Any CPU
		{A07D456D-E70F-4CD6-BAD1-B69C44D2D728}.Release|Any CPU.Build.0 = Release|Any CPU
		{A07D456D-E70F-4CD6-BAD1-B69C44D2D728}.Release|Any CPU.Deploy.0 = Release|Any CPU
		{A07D456D-E70F-4CD6-BAD1-B69C44D2D728}.Release|iPhone.ActiveCfg = Release|Any CPU
		{A07D456D-E70F-4CD6-BAD1-B69C44D2D728}.Release|iPhone.Build.0 = Release|Any CPU
		{A07D456D-E70F-4CD6-BAD1-B69C44D2D728}.Release|iPhone.Deploy.0 = Release|Any CPU
		{A07D456D-E70F-4CD6-BAD1-B69C44D2D728}.Release|iPhoneSimulator.ActiveCfg = Release|Any CPU
		{A07D456D-E70F-4CD6-BAD1-B69C44D2D728}.Release|iPhoneSimulator.Build.0 = Release|Any CPU
		{A07D456D-E70F-4CD6-BAD1-B69C44D2D728}.Release|iPhoneSimulator.Deploy.0 = Release|Any CPU
	EndGlobalSection
	GlobalSection(SolutionProperties) = preSolution
		HideSolutionNode = FALSE
	EndGlobalSection
	GlobalSection(ExtensibilityGlobals) = postSolution
		SolutionGuid = {4FE1D700-CDFE-4ED5-8C8E-2ABAD4C5F2BE}
	EndGlobalSection
EndGlobal
